
Microsoft Visual Studio Solution File, Format Version 12.00
# Visual Studio Express 14 for Windows Desktop
VisualStudioVersion = 14.0.25420.1
MinimumVisualStudioVersion = 10.0.40219.1
Project("{FAE04EC0-301F-11D3-BF4B-00C04F79EFBC}") = "Absatract_classes_and_interface", "Absatract_classes_and_interface\Absatract_classes_and_interface.csproj", "{C9475E74-252A-4F82-ACFA-F434BB86E3AD}"
EndProject
Global
	GlobalSection(SolutionConfigurationPlatforms) = preSolution
		Debug|Any CPU = Debug|Any CPU
		Release|Any CPU = Release|Any CPU
	EndGlobalSection
	GlobalSection(ProjectConfigurationPlatforms) = postSolution
		{C9475E74-252A-4F82-ACFA-F434BB86E3AD}.Debug|Any CPU.ActiveCfg = Debug|Any CPU
		{C9475E74-252A-4F82-ACFA-F434BB86E3AD}.Debug|Any CPU.Build.0 = Debug|Any CPU
		{C9475E74-252A-4F82-ACFA-F434BB86E3AD}.Release|Any CPU.ActiveCfg = Release|Any CPU
		{C9475E74-252A-4F82-ACFA-F434BB86E3AD}.Release|Any CPU.Build.0 = Release|Any CPU
	EndGlobalSection
	GlobalSection(SolutionProperties) = preSolution
		HideSolutionNode = FALSE
	EndGlobalSection
EndGlobal
